
Microsoft Visual Studio Solution File, Format Version 12.00
# Visual Studio Express 2013 for Web
VisualStudioVersion = 12.0.21005.1
MinimumVisualStudioVersion = 10.0.40219.1
Project("{FAE04EC0-301F-11D3-BF4B-00C04F79EFBC}") = "Instatus.Server", "Instatus.Server\Instatus.Server.csproj", "{845A8E01-9B5B-429A-A963-35462998F6F1}"
EndProject
Project("{FAE04EC0-301F-11D3-BF4B-00C04F79EFBC}") = "Instatus.Scaffold", "Instatus.Scaffold\Instatus.Scaffold.csproj", "{CDE2530D-2B29-4D27-BDEE-1F520A8C6E8B}"
EndProject
Project("{FAE04EC0-301F-11D3-BF4B-00C04F79EFBC}") = "InstatusSample", "InstatusSample\InstatusSample.csproj", "{65A354FD-A75C-44B6-95D1-3DD2331D8807}"
EndProject
Global
	GlobalSection(SolutionConfigurationPlatforms) = preSolution
		Debug|Any CPU = Debug|Any CPU
		Release|Any CPU = Release|Any CPU
	EndGlobalSection
	GlobalSection(ProjectConfigurationPlatforms) = postSolution
		{845A8E01-9B5B-429A-A963-35462998F6F1}.Debug|Any CPU.ActiveCfg = Debug|Any CPU
		{845A8E01-9B5B-429A-A963-35462998F6F1}.Debug|Any CPU.Build.0 = Debug|Any CPU
		{845A8E01-9B5B-429A-A963-35462998F6F1}.Release|Any CPU.ActiveCfg = Release|Any CPU
		{845A8E01-9B5B-429A-A963-35462998F6F1}.Release|Any CPU.Build.0 = Release|Any CPU
		{CDE2530D-2B29-4D27-BDEE-1F520A8C6E8B}.Debug|Any CPU.ActiveCfg = Debug|Any CPU
		{CDE2530D-2B29-4D27-BDEE-1F520A8C6E8B}.Debug|Any CPU.Build.0 = Debug|Any CPU
		{CDE2530D-2B29-4D27-BDEE-1F520A8C6E8B}.Release|Any CPU.ActiveCfg = Release|Any CPU
		{CDE2530D-2B29-4D27-BDEE-1F520A8C6E8B}.Release|Any CPU.Build.0 = Release|Any CPU
		{65A354FD-A75C-44B6-95D1-3DD2331D8807}.Debug|Any CPU.ActiveCfg = Debug|Any CPU
		{65A354FD-A75C-44B6-95D1-3DD2331D8807}.Debug|Any CPU.Build.0 = Debug|Any CPU
		{65A354FD-A75C-44B6-95D1-3DD2331D8807}.Release|Any CPU.ActiveCfg = Release|Any CPU
		{65A354FD-A75C-44B6-95D1-3DD2331D8807}.Release|Any CPU.Build.0 = Release|Any CPU
	EndGlobalSection
	GlobalSection(SolutionProperties) = preSolution
		HideSolutionNode = FALSE
	EndGlobalSection
EndGlobal
