
Microsoft Visual Studio Solution File, Format Version 12.00
# Visual Web Developer Express 11
Project("{FAE04EC0-301F-11D3-BF4B-00C04F79EFBC}") = "Instatus", "Instatus\Instatus.csproj", "{23396A12-A04A-46B8-90EF-7C1D8F548810}"
EndProject
Global
	GlobalSection(SolutionConfigurationPlatforms) = preSolution
		Debug|Any CPU = Debug|Any CPU
		Release|Any CPU = Release|Any CPU
	EndGlobalSection
	GlobalSection(ProjectConfigurationPlatforms) = postSolution
		{23396A12-A04A-46B8-90EF-7C1D8F548810}.Debug|Any CPU.ActiveCfg = Debug|Any CPU
		{23396A12-A04A-46B8-90EF-7C1D8F548810}.Debug|Any CPU.Build.0 = Debug|Any CPU
		{23396A12-A04A-46B8-90EF-7C1D8F548810}.Release|Any CPU.ActiveCfg = Release|Any CPU
		{23396A12-A04A-46B8-90EF-7C1D8F548810}.Release|Any CPU.Build.0 = Release|Any CPU
	EndGlobalSection
	GlobalSection(SolutionProperties) = preSolution
		HideSolutionNode = FALSE
	EndGlobalSection
EndGlobal
