
Microsoft Visual Studio Solution File, Format Version 12.00
# Visual Studio Express 2012 for Web
Project("{FAE04EC0-301F-11D3-BF4B-00C04F79EFBC}") = "Instatus.Core", "Instatus.Core\Instatus.Core.csproj", "{39C44AF6-A1AD-40EE-B1C6-40FDA4AC9C83}"
EndProject
Project("{FAE04EC0-301F-11D3-BF4B-00C04F79EFBC}") = "Instatus.Tests", "Instatus.Tests\Instatus.Tests.csproj", "{536C5949-6592-42B0-83E9-EBDCFF781747}"
EndProject
Project("{FAE04EC0-301F-11D3-BF4B-00C04F79EFBC}") = "Instatus.Integration.EntityFramework", "Instatus.Integration.EntityFramework\Instatus.Integration.EntityFramework.csproj", "{589AFB6B-9423-4703-BCCE-C1DA5EA4BF09}"
EndProject
Global
	GlobalSection(SolutionConfigurationPlatforms) = preSolution
		Debug|Any CPU = Debug|Any CPU
		Release|Any CPU = Release|Any CPU
	EndGlobalSection
	GlobalSection(ProjectConfigurationPlatforms) = postSolution
		{39C44AF6-A1AD-40EE-B1C6-40FDA4AC9C83}.Debug|Any CPU.ActiveCfg = Debug|Any CPU
		{39C44AF6-A1AD-40EE-B1C6-40FDA4AC9C83}.Debug|Any CPU.Build.0 = Debug|Any CPU
		{39C44AF6-A1AD-40EE-B1C6-40FDA4AC9C83}.Release|Any CPU.ActiveCfg = Release|Any CPU
		{39C44AF6-A1AD-40EE-B1C6-40FDA4AC9C83}.Release|Any CPU.Build.0 = Release|Any CPU
		{536C5949-6592-42B0-83E9-EBDCFF781747}.Debug|Any CPU.ActiveCfg = Debug|Any CPU
		{536C5949-6592-42B0-83E9-EBDCFF781747}.Debug|Any CPU.Build.0 = Debug|Any CPU
		{536C5949-6592-42B0-83E9-EBDCFF781747}.Release|Any CPU.ActiveCfg = Release|Any CPU
		{536C5949-6592-42B0-83E9-EBDCFF781747}.Release|Any CPU.Build.0 = Release|Any CPU
		{589AFB6B-9423-4703-BCCE-C1DA5EA4BF09}.Debug|Any CPU.ActiveCfg = Debug|Any CPU
		{589AFB6B-9423-4703-BCCE-C1DA5EA4BF09}.Debug|Any CPU.Build.0 = Debug|Any CPU
		{589AFB6B-9423-4703-BCCE-C1DA5EA4BF09}.Release|Any CPU.ActiveCfg = Release|Any CPU
		{589AFB6B-9423-4703-BCCE-C1DA5EA4BF09}.Release|Any CPU.Build.0 = Release|Any CPU
	EndGlobalSection
	GlobalSection(SolutionProperties) = preSolution
		HideSolutionNode = FALSE
	EndGlobalSection
EndGlobal
